
Microsoft Visual Studio Solution File, Format Version 12.00
# Visual Studio Version 16
VisualStudioVersion = 16.0.33027.164
MinimumVisualStudioVersion = 10.0.40219.1
Project("{FAE04EC0-301F-11D3-BF4B-00C04F79EFBC}") = "TelegramBot_Kurs", "TelegramBot_Kurs\TelegramBot_Kurs.csproj", "{296ABD8D-4241-46F3-917A-28C7F0E482EC}"
EndProject
Global
	GlobalSection(SolutionConfigurationPlatforms) = preSolution
		Debug|Any CPU = Debug|Any CPU
		Release|Any CPU = Release|Any CPU
	EndGlobalSection
	GlobalSection(ProjectConfigurationPlatforms) = postSolution
		{296ABD8D-4241-46F3-917A-28C7F0E482EC}.Debug|Any CPU.ActiveCfg = Debug|Any CPU
		{296ABD8D-4241-46F3-917A-28C7F0E482EC}.Debug|Any CPU.Build.0 = Debug|Any CPU
		{296ABD8D-4241-46F3-917A-28C7F0E482EC}.Release|Any CPU.ActiveCfg = Release|Any CPU
		{296ABD8D-4241-46F3-917A-28C7F0E482EC}.Release|Any CPU.Build.0 = Release|Any CPU
	EndGlobalSection
	GlobalSection(SolutionProperties) = preSolution
		HideSolutionNode = FALSE
	EndGlobalSection
	GlobalSection(ExtensibilityGlobals) = postSolution
		SolutionGuid = {E9720D52-75ED-448A-97FD-844058CC852F}
	EndGlobalSection
EndGlobal
